PODS:
  - Realm (10.28.0):
    - Realm/Headers (= 10.28.0)
  - Realm/Headers (10.28.0)
  - RealmSwift (10.28.0):
    - Realm (= 10.28.0)

DEPENDENCIES:
  - RealmSwift (= 10.28.0)

SPEC REPOS:
  trunk:
    - Realm
    - RealmSwift

SPEC CHECKSUMS:
  Realm: a0dd4e07530faaa327244ddb4ecb445c98f0537a
  RealmSwift: 625a21f03e01e80f6b9b86bade269ebebcd7892c

PODFILE CHECKSUM: 769a3b37af8b8c080411b055e274391e1f1571a3

COCOAPODS: 1.16.2
