// !$*UTF8*$!
{
	archiveVersion = 1;
	classes = {
	};
	objectVersion = 55;
	objects = {

/* Begin PBXBuildFile section */
		2125142A286D055E0022B78D /* AppDelegate.swift in Sources */ = {isa = PBXBuildFile; fileRef = 21251429286D055E0022B78D /* AppDelegate.swift */; };
		2125142C286D055E0022B78D /* SceneDelegate.swift in Sources */ = {isa = PBXBuildFile; fileRef = 2125142B286D055E0022B78D /* SceneDelegate.swift */; };
		2125142E286D055E0022B78D /* ListMemoViewController.swift in Sources */ = {isa = PBXBuildFile; fileRef = 2125142D286D055E0022B78D /* ListMemoViewController.swift */; };
		21251431286D055E0022B78D /* Main.storyboard in Resources */ = {isa = PBXBuildFile; fileRef = 2125142F286D055E0022B78D /* Main.storyboard */; };
		21251433286D055F0022B78D /* Assets.xcassets in Resources */ = {isa = PBXBuildFile; fileRef = 21251432286D055F0022B78D /* Assets.xcassets */; };
		21251436286D055F0022B78D /* LaunchScreen.storyboard in Resources */ = {isa = PBXBuildFile; fileRef = 21251434286D055F0022B78D /* LaunchScreen.storyboard */; };
		21D6A0042DD93F9100A00001 /* Localizable.strings in Resources */ = {isa = PBXBuildFile; fileRef = 21D6A0032DD93F9100A00001 /* Localizable.strings */; };
		21A4B3FF28803BC700BF2CA7 /* Errors.swift in Sources */ = {isa = PBXBuildFile; fileRef = 21A4B3FE28803BC700BF2CA7 /* Errors.swift */; };
		21A4B403288278C900BF2CA7 /* Settings.bundle in Resources */ = {isa = PBXBuildFile; fileRef = 21A4B402288278C900BF2CA7 /* Settings.bundle */; };
		21A4B4052882843400BF2CA7 /* SettingsViewController.swift in Sources */ = {isa = PBXBuildFile; fileRef = 21A4B4042882843400BF2CA7 /* SettingsViewController.swift */; };
		21A4B40728828A4600BF2CA7 /* SettingsUIStoryboardSegue.swift in Sources */ = {isa = PBXBuildFile; fileRef = 21A4B40628828A4600BF2CA7 /* SettingsUIStoryboardSegue.swift */; };
		21B31100286FB9D400699597 /* CreateMemoViewController.swift in Sources */ = {isa = PBXBuildFile; fileRef = 21B310FF286FB9D400699597 /* CreateMemoViewController.swift */; };
		21B311022873A1B000699597 /* Memo.swift in Sources */ = {isa = PBXBuildFile; fileRef = 21B311012873A1B000699597 /* Memo.swift */; };
		21B3110828790E0E00699597 /* EditMemoViewController.swift in Sources */ = {isa = PBXBuildFile; fileRef = 21B3110728790E0E00699597 /* EditMemoViewController.swift */; };
		21B3110A28795BD300699597 /* InputMemoHelper.swift in Sources */ = {isa = PBXBuildFile; fileRef = 21B3110928795BD300699597 /* InputMemoHelper.swift */; };
		21B3110E2879BB8F00699597 /* ListMemoPresenter.swift in Sources */ = {isa = PBXBuildFile; fileRef = 21B3110D2879BB8F00699597 /* ListMemoPresenter.swift */; };
		21B311102879BC8B00699597 /* ListMemoModel.swift in Sources */ = {isa = PBXBuildFile; fileRef = 21B3110F2879BC8B00699597 /* ListMemoModel.swift */; };
		21B31112287A622000699597 /* CreateMemoPresenter.swift in Sources */ = {isa = PBXBuildFile; fileRef = 21B31111287A622000699597 /* CreateMemoPresenter.swift */; };
		21B31114287A663800699597 /* CreateMemoModel.swift in Sources */ = {isa = PBXBuildFile; fileRef = 21B31113287A663800699597 /* CreateMemoModel.swift */; };
		21B31116287A74D300699597 /* EditMemoPresenter.swift in Sources */ = {isa = PBXBuildFile; fileRef = 21B31115287A74D300699597 /* EditMemoPresenter.swift */; };
		21B31118287A754600699597 /* EditMemoModel.swift in Sources */ = {isa = PBXBuildFile; fileRef = 21B31117287A754600699597 /* EditMemoModel.swift */; };
		3AD8E5419E02730EE409470D /* Pods_SwipeMemo.framework in Frameworks */ = {isa = PBXBuildFile; fileRef = 68BCA38EC342CD6983BAE59F /* Pods_SwipeMemo.framework */; };
/* End PBXBuildFile section */

/* Begin PBXFileReference section */
		21251426286D055E0022B78D /* SwipeMemo.app */ = {isa = PBXFileReference; explicitFileType = wrapper.application; includeInIndex = 0; path = SwipeMemo.app; sourceTree = BUILT_PRODUCTS_DIR; };
		21251429286D055E0022B78D /* AppDelegate.swift */ = {isa = PBXFileReference; lastKnownFileType = sourcecode.swift; path = AppDelegate.swift; sourceTree = "<group>"; };
		2125142B286D055E0022B78D /* SceneDelegate.swift */ = {isa = PBXFileReference; lastKnownFileType = sourcecode.swift; path = SceneDelegate.swift; sourceTree = "<group>"; };
		2125142D286D055E0022B78D /* ListMemoViewController.swift */ = {isa = PBXFileReference; lastKnownFileType = sourcecode.swift; path = ListMemoViewController.swift; sourceTree = "<group>"; };
		21251430286D055E0022B78D /* Base */ = {isa = PBXFileReference; lastKnownFileType = file.storyboard; name = Base; path = Base.lproj/Main.storyboard; sourceTree = "<group>"; };
		21251432286D055F0022B78D /* Assets.xcassets */ = {isa = PBXFileReference; lastKnownFileType = folder.assetcatalog; path = Assets.xcassets; sourceTree = "<group>"; };
		21251435286D055F0022B78D /* Base */ = {isa = PBXFileReference; lastKnownFileType = file.storyboard; name = Base; path = Base.lproj/LaunchScreen.storyboard; sourceTree = "<group>"; };
		21251437286D055F0022B78D /* Info.plist */ = {isa = PBXFileReference; lastKnownFileType = text.plist.xml; path = Info.plist; sourceTree = "<group>"; };
		21D6A0012DD93F9100A00001 /* en */ = {isa = PBXFileReference; lastKnownFileType = text.plist.strings; name = en; path = en.lproj/Localizable.strings; sourceTree = "<group>"; };
		21D6A0022DD93F9100A00001 /* ja */ = {isa = PBXFileReference; lastKnownFileType = text.plist.strings; name = ja; path = ja.lproj/Localizable.strings; sourceTree = "<group>"; };
		21A4B3FE28803BC700BF2CA7 /* Errors.swift */ = {isa = PBXFileReference; lastKnownFileType = sourcecode.swift; path = Errors.swift; sourceTree = "<group>"; };
		21A4B402288278C900BF2CA7 /* Settings.bundle */ = {isa = PBXFileReference; lastKnownFileType = "wrapper.plug-in"; path = Settings.bundle; sourceTree = "<group>"; };
		21A4B4042882843400BF2CA7 /* SettingsViewController.swift */ = {isa = PBXFileReference; lastKnownFileType = sourcecode.swift; path = SettingsViewController.swift; sourceTree = "<group>"; };
		21A4B40628828A4600BF2CA7 /* SettingsUIStoryboardSegue.swift */ = {isa = PBXFileReference; lastKnownFileType = sourcecode.swift; path = SettingsUIStoryboardSegue.swift; sourceTree = "<group>"; };
		21B310FF286FB9D400699597 /* CreateMemoViewController.swift */ = {isa = PBXFileReference; lastKnownFileType = sourcecode.swift; path = CreateMemoViewController.swift; sourceTree = "<group>"; };
		21B311012873A1B000699597 /* Memo.swift */ = {isa = PBXFileReference; lastKnownFileType = sourcecode.swift; path = Memo.swift; sourceTree = "<group>"; };
		21B3110728790E0E00699597 /* EditMemoViewController.swift */ = {isa = PBXFileReference; lastKnownFileType = sourcecode.swift; path = EditMemoViewController.swift; sourceTree = "<group>"; };
		21B3110928795BD300699597 /* InputMemoHelper.swift */ = {isa = PBXFileReference; lastKnownFileType = sourcecode.swift; path = InputMemoHelper.swift; sourceTree = "<group>"; };
		21B3110D2879BB8F00699597 /* ListMemoPresenter.swift */ = {isa = PBXFileReference; lastKnownFileType = sourcecode.swift; path = ListMemoPresenter.swift; sourceTree = "<group>"; };
		21B3110F2879BC8B00699597 /* ListMemoModel.swift */ = {isa = PBXFileReference; lastKnownFileType = sourcecode.swift; path = ListMemoModel.swift; sourceTree = "<group>"; };
		21B31111287A622000699597 /* CreateMemoPresenter.swift */ = {isa = PBXFileReference; lastKnownFileType = sourcecode.swift; path = CreateMemoPresenter.swift; sourceTree = "<group>"; };
		21B31113287A663800699597 /* CreateMemoModel.swift */ = {isa = PBXFileReference; lastKnownFileType = sourcecode.swift; path = CreateMemoModel.swift; sourceTree = "<group>"; };
		21B31115287A74D300699597 /* EditMemoPresenter.swift */ = {isa = PBXFileReference; lastKnownFileType = sourcecode.swift; path = EditMemoPresenter.swift; sourceTree = "<group>"; };
		21B31117287A754600699597 /* EditMemoModel.swift */ = {isa = PBXFileReference; lastKnownFileType = sourcecode.swift; path = EditMemoModel.swift; sourceTree = "<group>"; };
		68BCA38EC342CD6983BAE59F /* Pods_SwipeMemo.framework */ = {isa = PBXFileReference; explicitFileType = wrapper.framework; includeInIndex = 0; path = Pods_SwipeMemo.framework; sourceTree = BUILT_PRODUCTS_DIR; };
		88B22F7C68868A20248C457B /* Pods-SwipeMemo.release.xcconfig */ = {isa = PBXFileReference; includeInIndex = 1; lastKnownFileType = text.xcconfig; name = "Pods-SwipeMemo.release.xcconfig"; path = "Target Support Files/Pods-SwipeMemo/Pods-SwipeMemo.release.xcconfig"; sourceTree = "<group>"; };
		8CDF7CDAC202AE135699D657 /* Pods-SwipeMemo.debug.xcconfig */ = {isa = PBXFileReference; includeInIndex = 1; lastKnownFileType = text.xcconfig; name = "Pods-SwipeMemo.debug.xcconfig"; path = "Target Support Files/Pods-SwipeMemo/Pods-SwipeMemo.debug.xcconfig"; sourceTree = "<group>"; };
		9A3BDADFE3C7ADFD3FBC257F /* Pods-SwipeMemo.debug.xcconfig */ = {isa = PBXFileReference; includeInIndex = 1; lastKnownFileType = text.xcconfig; name = "Pods-SwipeMemo.debug.xcconfig"; path = "Target Support Files/Pods-SwipeMemo/Pods-SwipeMemo.debug.xcconfig"; sourceTree = "<group>"; };
		D1BFD682BC1CC16648114CA9 /* Pods-SwipeMemo.release.xcconfig */ = {isa = PBXFileReference; includeInIndex = 1; lastKnownFileType = text.xcconfig; name = "Pods-SwipeMemo.release.xcconfig"; path = "Target Support Files/Pods-SwipeMemo/Pods-SwipeMemo.release.xcconfig"; sourceTree = "<group>"; };
/* End PBXFileReference section */

/* Begin PBXFrameworksBuildPhase section */
		21251423286D055E0022B78D /* Frameworks */ = {
			isa = PBXFrameworksBuildPhase;
			buildActionMask = 2147483647;
			files = (
				3AD8E5419E02730EE409470D /* Pods_SwipeMemo.framework in Frameworks */,
			);
			runOnlyForDeploymentPostprocessing = 0;
		};
/* End PBXFrameworksBuildPhase section */

/* Begin PBXGroup section */
		2125141D286D055E0022B78D = {
			isa = PBXGroup;
			children = (
				21A4B402288278C900BF2CA7 /* Settings.bundle */,
				21251428286D055E0022B78D /* SwipeMemo */,
				21251427286D055E0022B78D /* Products */,
				502B3160CB842EC2BA53C58E /* Pods */,
				919686B7B846AB819A7377DA /* Frameworks */,
			);
			sourceTree = "<group>";
		};
		21251427286D055E0022B78D /* Products */ = {
			isa = PBXGroup;
			children = (
				21251426286D055E0022B78D /* SwipeMemo.app */,
			);
			name = Products;
			sourceTree = "<group>";
		};
		21251428286D055E0022B78D /* SwipeMemo */ = {
			isa = PBXGroup;
			children = (
				21251429286D055E0022B78D /* AppDelegate.swift */,
				2125142B286D055E0022B78D /* SceneDelegate.swift */,
				21B3110928795BD300699597 /* InputMemoHelper.swift */,
				21A4B40628828A4600BF2CA7 /* SettingsUIStoryboardSegue.swift */,
				21A4B3FE28803BC700BF2CA7 /* Errors.swift */,
				21B311012873A1B000699597 /* Memo.swift */,
				2125142D286D055E0022B78D /* ListMemoViewController.swift */,
				21B3110D2879BB8F00699597 /* ListMemoPresenter.swift */,
				21B3110F2879BC8B00699597 /* ListMemoModel.swift */,
				21B310FF286FB9D400699597 /* CreateMemoViewController.swift */,
				21B31111287A622000699597 /* CreateMemoPresenter.swift */,
				21B31113287A663800699597 /* CreateMemoModel.swift */,
				21B3110728790E0E00699597 /* EditMemoViewController.swift */,
				21B31115287A74D300699597 /* EditMemoPresenter.swift */,
				21B31117287A754600699597 /* EditMemoModel.swift */,
				21A4B4042882843400BF2CA7 /* SettingsViewController.swift */,
				2125142F286D055E0022B78D /* Main.storyboard */,
				21251432286D055F0022B78D /* Assets.xcassets */,
				21251434286D055F0022B78D /* LaunchScreen.storyboard */,
				21D6A0032DD93F9100A00001 /* Localizable.strings */,
				21251437286D055F0022B78D /* Info.plist */,
			);
			path = SwipeMemo;
			sourceTree = "<group>";
		};
		502B3160CB842EC2BA53C58E /* Pods */ = {
			isa = PBXGroup;
			children = (
				8CDF7CDAC202AE135699D657 /* Pods-SwipeMemo.debug.xcconfig */,
				88B22F7C68868A20248C457B /* Pods-SwipeMemo.release.xcconfig */,
				9A3BDADFE3C7ADFD3FBC257F /* Pods-SwipeMemo.debug.xcconfig */,
				D1BFD682BC1CC16648114CA9 /* Pods-SwipeMemo.release.xcconfig */,
			);
			path = Pods;
			sourceTree = "<group>";
		};
		919686B7B846AB819A7377DA /* Frameworks */ = {
			isa = PBXGroup;
			children = (
				68BCA38EC342CD6983BAE59F /* Pods_SwipeMemo.framework */,
			);
			name = Frameworks;
			sourceTree = "<group>";
		};
/* End PBXGroup section */

/* Begin PBXNativeTarget section */
		21251425286D055E0022B78D /* SwipeMemo */ = {
			isa = PBXNativeTarget;
			buildConfigurationList = 2125143A286D055F0022B78D /* Build configuration list for PBXNativeTarget "SwipeMemo" */;
			buildPhases = (
				545008D45B9AAF6EF566B270 /* [CP] Check Pods Manifest.lock */,
				21251422286D055E0022B78D /* Sources */,
				21251423286D055E0022B78D /* Frameworks */,
				21251424286D055E0022B78D /* Resources */,
				8B10A221086389DC79431C24 /* [CP] Embed Pods Frameworks */,
			);
			buildRules = (
			);
			dependencies = (
			);
			name = SwipeMemo;
			productName = EphemeralMemo;
			productReference = 21251426286D055E0022B78D /* SwipeMemo.app */;
			productType = "com.apple.product-type.application";
		};
/* End PBXNativeTarget section */

/* Begin PBXProject section */
		2125141E286D055E0022B78D /* Project object */ = {
			isa = PBXProject;
			attributes = {
				BuildIndependentTargetsInParallel = 1;
				LastSwiftUpdateCheck = 1310;
				LastUpgradeCheck = 1310;
				TargetAttributes = {
					21251425286D055E0022B78D = {
						CreatedOnToolsVersion = 13.1;
					};
				};
			};
			buildConfigurationList = 21251421286D055E0022B78D /* Build configuration list for PBXProject "SwipeMemo" */;
			compatibilityVersion = "Xcode 13.0";
			developmentRegion = en;
			hasScannedForEncodings = 0;
			knownRegions = (
				en,
				ja,
				Base,
			);
			mainGroup = 2125141D286D055E0022B78D;
			productRefGroup = 21251427286D055E0022B78D /* Products */;
			projectDirPath = "";
			projectRoot = "";
			targets = (
				21251425286D055E0022B78D /* SwipeMemo */,
			);
		};
/* End PBXProject section */

/* Begin PBXResourcesBuildPhase section */
		21251424286D055E0022B78D /* Resources */ = {
			isa = PBXResourcesBuildPhase;
			buildActionMask = 2147483647;
			files = (
				21A4B403288278C900BF2CA7 /* Settings.bundle in Resources */,
				21251436286D055F0022B78D /* LaunchScreen.storyboard in Resources */,
				21251433286D055F0022B78D /* Assets.xcassets in Resources */,
				21D6A0042DD93F9100A00001 /* Localizable.strings in Resources */,
				21251431286D055E0022B78D /* Main.storyboard in Resources */,
			);
			runOnlyForDeploymentPostprocessing = 0;
		};
/* End PBXResourcesBuildPhase section */

/* Begin PBXShellScriptBuildPhase section */
		545008D45B9AAF6EF566B270 /* [CP] Check Pods Manifest.lock */ = {
			isa = PBXShellScriptBuildPhase;
			buildActionMask = 2147483647;
			files = (
			);
			inputFileListPaths = (
			);
			inputPaths = (
				"${PODS_PODFILE_DIR_PATH}/Podfile.lock",
				"${PODS_ROOT}/Manifest.lock",
			);
			name = "[CP] Check Pods Manifest.lock";
			outputFileListPaths = (
			);
			outputPaths = (
				"$(DERIVED_FILE_DIR)/Pods-SwipeMemo-checkManifestLockResult.txt",
			);
			runOnlyForDeploymentPostprocessing = 0;
			shellPath = /bin/sh;
			shellScript = "diff \"${PODS_PODFILE_DIR_PATH}/Podfile.lock\" \"${PODS_ROOT}/Manifest.lock\" > /dev/null\nif [ $? != 0 ] ; then\n    # print error to STDERR\n    echo \"error: The sandbox is not in sync with the Podfile.lock. Run 'pod install' or update your CocoaPods installation.\" >&2\n    exit 1\nfi\n# This output is used by Xcode 'outputs' to avoid re-running this script phase.\necho \"SUCCESS\" > \"${SCRIPT_OUTPUT_FILE_0}\"\n";
			showEnvVarsInLog = 0;
		};
		8B10A221086389DC79431C24 /* [CP] Embed Pods Frameworks */ = {
			isa = PBXShellScriptBuildPhase;
			buildActionMask = 2147483647;
			files = (
			);
			inputFileListPaths = (
				"${PODS_ROOT}/Target Support Files/Pods-SwipeMemo/Pods-SwipeMemo-frameworks-${CONFIGURATION}-input-files.xcfilelist",
			);
			name = "[CP] Embed Pods Frameworks";
			outputFileListPaths = (
				"${PODS_ROOT}/Target Support Files/Pods-SwipeMemo/Pods-SwipeMemo-frameworks-${CONFIGURATION}-output-files.xcfilelist",
			);
			runOnlyForDeploymentPostprocessing = 0;
			shellPath = /bin/sh;
			shellScript = "\"${PODS_ROOT}/Target Support Files/Pods-SwipeMemo/Pods-SwipeMemo-frameworks.sh\"\n";
			showEnvVarsInLog = 0;
		};
/* End PBXShellScriptBuildPhase section */

/* Begin PBXSourcesBuildPhase section */
		21251422286D055E0022B78D /* Sources */ = {
			isa = PBXSourcesBuildPhase;
			buildActionMask = 2147483647;
			files = (
				2125142E286D055E0022B78D /* ListMemoViewController.swift in Sources */,
				2125142A286D055E0022B78D /* AppDelegate.swift in Sources */,
				21B3110828790E0E00699597 /* EditMemoViewController.swift in Sources */,
				21B31116287A74D300699597 /* EditMemoPresenter.swift in Sources */,
				21B31114287A663800699597 /* CreateMemoModel.swift in Sources */,
				2125142C286D055E0022B78D /* SceneDelegate.swift in Sources */,
				21A4B3FF28803BC700BF2CA7 /* Errors.swift in Sources */,
				21B3110E2879BB8F00699597 /* ListMemoPresenter.swift in Sources */,
				21A4B4052882843400BF2CA7 /* SettingsViewController.swift in Sources */,
				21B31100286FB9D400699597 /* CreateMemoViewController.swift in Sources */,
				21B3110A28795BD300699597 /* InputMemoHelper.swift in Sources */,
				21A4B40728828A4600BF2CA7 /* SettingsUIStoryboardSegue.swift in Sources */,
				21B31118287A754600699597 /* EditMemoModel.swift in Sources */,
				21B31112287A622000699597 /* CreateMemoPresenter.swift in Sources */,
				21B311022873A1B000699597 /* Memo.swift in Sources */,
				21B311102879BC8B00699597 /* ListMemoModel.swift in Sources */,
			);
			runOnlyForDeploymentPostprocessing = 0;
		};
/* End PBXSourcesBuildPhase section */

/* Begin PBXVariantGroup section */
		2125142F286D055E0022B78D /* Main.storyboard */ = {
			isa = PBXVariantGroup;
			children = (
				21251430286D055E0022B78D /* Base */,
			);
			name = Main.storyboard;
			sourceTree = "<group>";
		};
		21251434286D055F0022B78D /* LaunchScreen.storyboard */ = {
			isa = PBXVariantGroup;
			children = (
				21251435286D055F0022B78D /* Base */,
			);
			name = LaunchScreen.storyboard;
			sourceTree = "<group>";
		};
		21D6A0032DD93F9100A00001 /* Localizable.strings */ = {
			isa = PBXVariantGroup;
			children = (
				21D6A0012DD93F9100A00001 /* en */,
				21D6A0022DD93F9100A00001 /* ja */,
			);
			name = Localizable.strings;
			sourceTree = "<group>";
		};
/* End PBXVariantGroup section */

/* Begin XCBuildConfiguration section */
		21251438286D055F0022B78D /* Debug */ = {
			isa = XCBuildConfiguration;
			buildSettings = {
				ALWAYS_SEARCH_USER_PATHS = NO;
				CLANG_ANALYZER_NONNULL = YES;
				CLANG_ANALYZER_NUMBER_OBJECT_CONVERSION = YES_AGGRESSIVE;
				CLANG_CXX_LANGUAGE_STANDARD = "gnu++17";
				CLANG_CXX_LIBRARY = "libc++";
				CLANG_ENABLE_MODULES = YES;
				CLANG_ENABLE_OBJC_ARC = YES;
				CLANG_ENABLE_OBJC_WEAK = YES;
				CLANG_WARN_BLOCK_CAPTURE_AUTORELEASING = YES;
				CLANG_WARN_BOOL_CONVERSION = YES;
				CLANG_WARN_COMMA = YES;
				CLANG_WARN_CONSTANT_CONVERSION = YES;
				CLANG_WARN_DEPRECATED_OBJC_IMPLEMENTATIONS = YES;
				CLANG_WARN_DIRECT_OBJC_ISA_USAGE = YES_ERROR;
				CLANG_WARN_DOCUMENTATION_COMMENTS = YES;
				CLANG_WARN_EMPTY_BODY = YES;
				CLANG_WARN_ENUM_CONVERSION = YES;
				CLANG_WARN_INFINITE_RECURSION = YES;
				CLANG_WARN_INT_CONVERSION = YES;
				CLANG_WARN_NON_LITERAL_NULL_CONVERSION = YES;
				CLANG_WARN_OBJC_IMPLICIT_RETAIN_SELF = YES;
				CLANG_WARN_OBJC_LITERAL_CONVERSION = YES;
				CLANG_WARN_OBJC_ROOT_CLASS = YES_ERROR;
				CLANG_WARN_QUOTED_INCLUDE_IN_FRAMEWORK_HEADER = YES;
				CLANG_WARN_RANGE_LOOP_ANALYSIS = YES;
				CLANG_WARN_STRICT_PROTOTYPES = YES;
				CLANG_WARN_SUSPICIOUS_MOVE = YES;
				CLANG_WARN_UNGUARDED_AVAILABILITY = YES_AGGRESSIVE;
				CLANG_WARN_UNREACHABLE_CODE = YES;
				CLANG_WARN__DUPLICATE_METHOD_MATCH = YES;
				COPY_PHASE_STRIP = NO;
				DEBUG_INFORMATION_FORMAT = dwarf;
				ENABLE_STRICT_OBJC_MSGSEND = YES;
				ENABLE_TESTABILITY = YES;
				GCC_C_LANGUAGE_STANDARD = gnu11;
				GCC_DYNAMIC_NO_PIC = NO;
				GCC_NO_COMMON_BLOCKS = YES;
				GCC_OPTIMIZATION_LEVEL = 0;
				GCC_PREPROCESSOR_DEFINITIONS = (
					"DEBUG=1",
					"$(inherited)",
				);
				GCC_WARN_64_TO_32_BIT_CONVERSION = YES;
				GCC_WARN_ABOUT_RETURN_TYPE = YES_ERROR;
				GCC_WARN_UNDECLARED_SELECTOR = YES;
				GCC_WARN_UNINITIALIZED_AUTOS = YES_AGGRESSIVE;
				GCC_WARN_UNUSED_FUNCTION = YES;
				GCC_WARN_UNUSED_VARIABLE = YES;
				IPHONEOS_DEPLOYMENT_TARGET = 15.0;
				MTL_ENABLE_DEBUG_INFO = INCLUDE_SOURCE;
				MTL_FAST_MATH = YES;
				ONLY_ACTIVE_ARCH = YES;
				SDKROOT = iphoneos;
				SWIFT_ACTIVE_COMPILATION_CONDITIONS = DEBUG;
				SWIFT_OPTIMIZATION_LEVEL = "-Onone";
			};
			name = Debug;
		};
		21251439286D055F0022B78D /* Release */ = {
			isa = XCBuildConfiguration;
			buildSettings = {
				ALWAYS_SEARCH_USER_PATHS = NO;
				CLANG_ANALYZER_NONNULL = YES;
				CLANG_ANALYZER_NUMBER_OBJECT_CONVERSION = YES_AGGRESSIVE;
				CLANG_CXX_LANGUAGE_STANDARD = "gnu++17";
				CLANG_CXX_LIBRARY = "libc++";
				CLANG_ENABLE_MODULES = YES;
				CLANG_ENABLE_OBJC_ARC = YES;
				CLANG_ENABLE_OBJC_WEAK = YES;
				CLANG_WARN_BLOCK_CAPTURE_AUTORELEASING = YES;
				CLANG_WARN_BOOL_CONVERSION = YES;
				CLANG_WARN_COMMA = YES;
				CLANG_WARN_CONSTANT_CONVERSION = YES;
				CLANG_WARN_DEPRECATED_OBJC_IMPLEMENTATIONS = YES;
				CLANG_WARN_DIRECT_OBJC_ISA_USAGE = YES_ERROR;
				CLANG_WARN_DOCUMENTATION_COMMENTS = YES;
				CLANG_WARN_EMPTY_BODY = YES;
				CLANG_WARN_ENUM_CONVERSION = YES;
				CLANG_WARN_INFINITE_RECURSION = YES;
				CLANG_WARN_INT_CONVERSION = YES;
				CLANG_WARN_NON_LITERAL_NULL_CONVERSION = YES;
				CLANG_WARN_OBJC_IMPLICIT_RETAIN_SELF = YES;
				CLANG_WARN_OBJC_LITERAL_CONVERSION = YES;
				CLANG_WARN_OBJC_ROOT_CLASS = YES_ERROR;
				CLANG_WARN_QUOTED_INCLUDE_IN_FRAMEWORK_HEADER = YES;
				CLANG_WARN_RANGE_LOOP_ANALYSIS = YES;
				CLANG_WARN_STRICT_PROTOTYPES = YES;
				CLANG_WARN_SUSPICIOUS_MOVE = YES;
				CLANG_WARN_UNGUARDED_AVAILABILITY = YES_AGGRESSIVE;
				CLANG_WARN_UNREACHABLE_CODE = YES;
				CLANG_WARN__DUPLICATE_METHOD_MATCH = YES;
				COPY_PHASE_STRIP = NO;
				DEBUG_INFORMATION_FORMAT = "dwarf-with-dsym";
				ENABLE_NS_ASSERTIONS = NO;
				ENABLE_STRICT_OBJC_MSGSEND = YES;
				GCC_C_LANGUAGE_STANDARD = gnu11;
				GCC_NO_COMMON_BLOCKS = YES;
				GCC_WARN_64_TO_32_BIT_CONVERSION = YES;
				GCC_WARN_ABOUT_RETURN_TYPE = YES_ERROR;
				GCC_WARN_UNDECLARED_SELECTOR = YES;
				GCC_WARN_UNINITIALIZED_AUTOS = YES_AGGRESSIVE;
				GCC_WARN_UNUSED_FUNCTION = YES;
				GCC_WARN_UNUSED_VARIABLE = YES;
				IPHONEOS_DEPLOYMENT_TARGET = 15.0;
				MTL_ENABLE_DEBUG_INFO = NO;
				MTL_FAST_MATH = YES;
				SDKROOT = iphoneos;
				SWIFT_COMPILATION_MODE = wholemodule;
				SWIFT_OPTIMIZATION_LEVEL = "-O";
				VALIDATE_PRODUCT = YES;
			};
			name = Release;
		};
		2125143B286D055F0022B78D /* Debug */ = {
			isa = XCBuildConfiguration;
			baseConfigurationReference = 9A3BDADFE3C7ADFD3FBC257F /* Pods-SwipeMemo.debug.xcconfig */;
			buildSettings = {
				ASSETCATALOG_COMPILER_APPICON_NAME = AppIcon;
				ASSETCATALOG_COMPILER_GLOBAL_ACCENT_COLOR_NAME = AccentColor;
				CODE_SIGN_STYLE = Automatic;
				CURRENT_PROJECT_VERSION = 1;
				DEVELOPMENT_TEAM = 8HML8TR8DQ;
				GENERATE_INFOPLIST_FILE = YES;
				INFOPLIST_FILE = SwipeMemo/Info.plist;
				INFOPLIST_KEY_CFBundleDisplayName = "Swipe Memo";
				INFOPLIST_KEY_UIApplicationSupportsIndirectInputEvents = YES;
				INFOPLIST_KEY_UILaunchStoryboardName = LaunchScreen;
				INFOPLIST_KEY_UIMainStoryboardFile = Main;
				INFOPLIST_KEY_UISupportedInterfaceOrientations_iPad = "UIInterfaceOrientationPortrait UIInterfaceOrientationPortraitUpsideDown UIInterfaceOrientationLandscapeLeft UIInterfaceOrientationLandscapeRight";
				INFOPLIST_KEY_UISupportedInterfaceOrientations_iPhone = UIInterfaceOrientationPortrait;
				INFOPLIST_KEY_UIUserInterfaceStyle = Dark;
				LD_RUNPATH_SEARCH_PATHS = (
					"$(inherited)",
					"@executable_path/Frameworks",
				);
				MARKETING_VERSION = 1.0.1;
				PRODUCT_BUNDLE_IDENTIFIER = "jp.tajima-taso.yuya.tajima.SwipeMemo";
				PRODUCT_NAME = "$(TARGET_NAME)";
				SWIFT_EMIT_LOC_STRINGS = YES;
				SWIFT_VERSION = 5.0;
				TARGETED_DEVICE_FAMILY = 1;
			};
			name = Debug;
		};
		2125143C286D055F0022B78D /* Release */ = {
			isa = XCBuildConfiguration;
			baseConfigurationReference = D1BFD682BC1CC16648114CA9 /* Pods-SwipeMemo.release.xcconfig */;
			buildSettings = {
				ASSETCATALOG_COMPILER_APPICON_NAME = AppIcon;
				ASSETCATALOG_COMPILER_GLOBAL_ACCENT_COLOR_NAME = AccentColor;
				CODE_SIGN_STYLE = Automatic;
				CURRENT_PROJECT_VERSION = 1;
				DEVELOPMENT_TEAM = 8HML8TR8DQ;
				GENERATE_INFOPLIST_FILE = YES;
				INFOPLIST_FILE = SwipeMemo/Info.plist;
				INFOPLIST_KEY_CFBundleDisplayName = "Swipe Memo";
				INFOPLIST_KEY_UIApplicationSupportsIndirectInputEvents = YES;
				INFOPLIST_KEY_UILaunchStoryboardName = LaunchScreen;
				INFOPLIST_KEY_UIMainStoryboardFile = Main;
				INFOPLIST_KEY_UISupportedInterfaceOrientations_iPad = "UIInterfaceOrientationPortrait UIInterfaceOrientationPortraitUpsideDown UIInterfaceOrientationLandscapeLeft UIInterfaceOrientationLandscapeRight";
				INFOPLIST_KEY_UISupportedInterfaceOrientations_iPhone = UIInterfaceOrientationPortrait;
				INFOPLIST_KEY_UIUserInterfaceStyle = Dark;
				LD_RUNPATH_SEARCH_PATHS = (
					"$(inherited)",
					"@executable_path/Frameworks",
				);
				MARKETING_VERSION = 1.0.1;
				PRODUCT_BUNDLE_IDENTIFIER = "jp.tajima-taso.yuya.tajima.SwipeMemo";
				PRODUCT_NAME = "$(TARGET_NAME)";
				SWIFT_EMIT_LOC_STRINGS = YES;
				SWIFT_VERSION = 5.0;
				TARGETED_DEVICE_FAMILY = 1;
			};
			name = Release;
		};
/* End XCBuildConfiguration section */

/* Begin XCConfigurationList section */
		21251421286D055E0022B78D /* Build configuration list for PBXProject "SwipeMemo" */ = {
			isa = XCConfigurationList;
			buildConfigurations = (
				21251438286D055F0022B78D /* Debug */,
				21251439286D055F0022B78D /* Release */,
			);
			defaultConfigurationIsVisible = 0;
			defaultConfigurationName = Release;
		};
		2125143A286D055F0022B78D /* Build configuration list for PBXNativeTarget "SwipeMemo" */ = {
			isa = XCConfigurationList;
			buildConfigurations = (
				2125143B286D055F0022B78D /* Debug */,
				2125143C286D055F0022B78D /* Release */,
			);
			defaultConfigurationIsVisible = 0;
			defaultConfigurationName = Release;
		};
/* End XCConfigurationList section */
	};
	rootObject = 2125141E286D055E0022B78D /* Project object */;
}
